
Microsoft Visual Studio Solution File, Format Version 12.00
# Visual Studio Version 16
VisualStudioVersion = 16.0.31729.503
MinimumVisualStudioVersion = 10.0.40219.1
Project("{9A19103F-16F7-4668-BE54-9A1E7A4F7556}") = "TestParser", "TestParser\TestParser.csproj", "{35F64396-8A04-475C-BCE5-C59063D85330}"
EndProject
Project("{FAE04EC0-301F-11D3-BF4B-00C04F79EFBC}") = "ParserDb", "ParserDb\ParserDb.csproj", "{CCB11162-8CBD-4475-A675-8766FB5CD5AD}"
EndProject
Global
	GlobalSection(SolutionConfigurationPlatforms) = preSolution
		Debug|Any CPU = Debug|Any CPU
		Release|Any CPU = Release|Any CPU
	EndGlobalSection
	GlobalSection(ProjectConfigurationPlatforms) = postSolution
		{35F64396-8A04-475C-BCE5-C59063D85330}.Debug|Any CPU.ActiveCfg = Debug|Any CPU
		{35F64396-8A04-475C-BCE5-C59063D85330}.Debug|Any CPU.Build.0 = Debug|Any CPU
		{35F64396-8A04-475C-BCE5-C59063D85330}.Release|Any CPU.ActiveCfg = Release|Any CPU
		{35F64396-8A04-475C-BCE5-C59063D85330}.Release|Any CPU.Build.0 = Release|Any CPU
		{CCB11162-8CBD-4475-A675-8766FB5CD5AD}.Debug|Any CPU.ActiveCfg = Debug|Any CPU
		{CCB11162-8CBD-4475-A675-8766FB5CD5AD}.Debug|Any CPU.Build.0 = Debug|Any CPU
		{CCB11162-8CBD-4475-A675-8766FB5CD5AD}.Release|Any CPU.ActiveCfg = Release|Any CPU
		{CCB11162-8CBD-4475-A675-8766FB5CD5AD}.Release|Any CPU.Build.0 = Release|Any CPU
	EndGlobalSection
	GlobalSection(SolutionProperties) = preSolution
		HideSolutionNode = FALSE
	EndGlobalSection
	GlobalSection(ExtensibilityGlobals) = postSolution
		SolutionGuid = {FD6D1E95-0B2B-441E-8776-1FA5CD9A72C7}
	EndGlobalSection
EndGlobal
